
Microsoft Visual Studio Solution File, Format Version 12.00
# Visual Studio Version 16
VisualStudioVersion = 16.0.29709.97
MinimumVisualStudioVersion = 10.0.40219.1
Project("{FAE04EC0-301F-11D3-BF4B-00C04F79EFBC}") = "Mifare Windows Tool", "MifareWindowsTool\Mifare Windows Tool.csproj", "{5AC7169F-493A-4EED-8D70-49053D2D4507}"
EndProject
Project("{54435603-DBB4-11D2-8724-00A0C9A8B90C}") = "MWT_Setup", "MWT_Setup\MWT_Setup.vdproj", "{1363B52A-CBAD-4F8B-89D6-FE5F6A4B8412}"
EndProject
Global
	GlobalSection(SolutionConfigurationPlatforms) = preSolution
		Debug|Any CPU = Debug|Any CPU
		Release|Any CPU = Release|Any CPU
	EndGlobalSection
	GlobalSection(ProjectConfigurationPlatforms) = postSolution
		{5AC7169F-493A-4EED-8D70-49053D2D4507}.Debug|Any CPU.ActiveCfg = Debug|Any CPU
		{5AC7169F-493A-4EED-8D70-49053D2D4507}.Debug|Any CPU.Build.0 = Debug|Any CPU
		{5AC7169F-493A-4EED-8D70-49053D2D4507}.Release|Any CPU.ActiveCfg = Release|Any CPU
		{5AC7169F-493A-4EED-8D70-49053D2D4507}.Release|Any CPU.Build.0 = Release|Any CPU
		{1363B52A-CBAD-4F8B-89D6-FE5F6A4B8412}.Debug|Any CPU.ActiveCfg = Debug
		{1363B52A-CBAD-4F8B-89D6-FE5F6A4B8412}.Release|Any CPU.ActiveCfg = Release
	EndGlobalSection
	GlobalSection(SolutionProperties) = preSolution
		HideSolutionNode = FALSE
	EndGlobalSection
	GlobalSection(ExtensibilityGlobals) = postSolution
		SolutionGuid = {1336DAD3-382D-4AB7-B760-3A86AF7EE138}
	EndGlobalSection
EndGlobal
