
Microsoft Visual Studio Solution File, Format Version 12.00
# Visual Studio Version 17
VisualStudioVersion = 17.2.32616.157
MinimumVisualStudioVersion = 10.0.40219.1
Project("{FAE04EC0-301F-11D3-BF4B-00C04F79EFBC}") = "Mifare Windows Tool", "MifareWindowsTool\Mifare Windows Tool.csproj", "{5AC7169F-493A-4EED-8D70-49053D2D4507}"
EndProject
Project("{FAE04EC0-301F-11D3-BF4B-00C04F79EFBC}") = "WixSharp Setup", "WixSharp Setup\WixSharp Setup.csproj", "{44555887-C439-470C-944D-8866EC3D7067}"
EndProject
Project("{9A19103F-16F7-4668-BE54-9A1E7A4F7556}") = "WpfHexEditorCore", "WpfHexEditorControl\Sources\WPFHexaEditor\WpfHexEditorCore.csproj", "{3DF746A2-C147-45A3-94CE-230560418B73}"
EndProject
Global
	GlobalSection(SolutionConfigurationPlatforms) = preSolution
		Debug|Any CPU = Debug|Any CPU
		Debug|x86 = Debug|x86
		Release|Any CPU = Release|Any CPU
		Release|x86 = Release|x86
	EndGlobalSection
	GlobalSection(ProjectConfigurationPlatforms) = postSolution
		{5AC7169F-493A-4EED-8D70-49053D2D4507}.Debug|Any CPU.ActiveCfg = Debug|Any CPU
		{5AC7169F-493A-4EED-8D70-49053D2D4507}.Debug|Any CPU.Build.0 = Debug|Any CPU
		{5AC7169F-493A-4EED-8D70-49053D2D4507}.Debug|x86.ActiveCfg = Debug|Any CPU
		{5AC7169F-493A-4EED-8D70-49053D2D4507}.Debug|x86.Build.0 = Debug|Any CPU
		{5AC7169F-493A-4EED-8D70-49053D2D4507}.Release|Any CPU.ActiveCfg = Release|Any CPU
		{5AC7169F-493A-4EED-8D70-49053D2D4507}.Release|Any CPU.Build.0 = Release|Any CPU
		{5AC7169F-493A-4EED-8D70-49053D2D4507}.Release|x86.ActiveCfg = Release|Any CPU
		{5AC7169F-493A-4EED-8D70-49053D2D4507}.Release|x86.Build.0 = Release|Any CPU
		{44555887-C439-470C-944D-8866EC3D7067}.Debug|Any CPU.ActiveCfg = Debug|Any CPU
		{44555887-C439-470C-944D-8866EC3D7067}.Debug|x86.ActiveCfg = Debug|Any CPU
		{44555887-C439-470C-944D-8866EC3D7067}.Debug|x86.Build.0 = Debug|Any CPU
		{44555887-C439-470C-944D-8866EC3D7067}.Release|Any CPU.ActiveCfg = Release|Any CPU
		{44555887-C439-470C-944D-8866EC3D7067}.Release|Any CPU.Build.0 = Release|Any CPU
		{44555887-C439-470C-944D-8866EC3D7067}.Release|x86.ActiveCfg = Release|Any CPU
		{44555887-C439-470C-944D-8866EC3D7067}.Release|x86.Build.0 = Release|Any CPU
		{3DF746A2-C147-45A3-94CE-230560418B73}.Debug|Any CPU.ActiveCfg = Debug|Any CPU
		{3DF746A2-C147-45A3-94CE-230560418B73}.Debug|Any CPU.Build.0 = Debug|Any CPU
		{3DF746A2-C147-45A3-94CE-230560418B73}.Debug|x86.ActiveCfg = Debug|Any CPU
		{3DF746A2-C147-45A3-94CE-230560418B73}.Debug|x86.Build.0 = Debug|Any CPU
		{3DF746A2-C147-45A3-94CE-230560418B73}.Release|Any CPU.ActiveCfg = Release|Any CPU
		{3DF746A2-C147-45A3-94CE-230560418B73}.Release|Any CPU.Build.0 = Release|Any CPU
		{3DF746A2-C147-45A3-94CE-230560418B73}.Release|x86.ActiveCfg = Release|Any CPU
		{3DF746A2-C147-45A3-94CE-230560418B73}.Release|x86.Build.0 = Release|Any CPU
	EndGlobalSection
	GlobalSection(SolutionProperties) = preSolution
		HideSolutionNode = FALSE
	EndGlobalSection
	GlobalSection(ExtensibilityGlobals) = postSolution
		SolutionGuid = {1336DAD3-382D-4AB7-B760-3A86AF7EE138}
	EndGlobalSection
EndGlobal
